
Microsoft Visual Studio Solution File, Format Version 12.00
# Visual Studio Version 17
VisualStudioVersion = 17.3.32901.215
MinimumVisualStudioVersion = 10.0.40219.1
Project("{9A19103F-16F7-4668-BE54-9A1E7A4F7556}") = "MaynotPersistence", "MaynotPersistence\MaynotPersistence.csproj", "{8114FEB0-F661-4B7E-9404-CF18FCF78250}"
EndProject
Project("{9A19103F-16F7-4668-BE54-9A1E7A4F7556}") = "Maynot.WPF", "WpfApp1\Maynot.WPF.csproj", "{BCE4C046-E021-4B13-9756-699F8E4C50CE}"
	ProjectSection(ProjectDependencies) = postProject
		{12E193B7-6049-451E-A6F8-0A927B78AD71} = {12E193B7-6049-451E-A6F8-0A927B78AD71}
		{8114FEB0-F661-4B7E-9404-CF18FCF78250} = {8114FEB0-F661-4B7E-9404-CF18FCF78250}
	EndProjectSection
EndProject
Project("{9A19103F-16F7-4668-BE54-9A1E7A4F7556}") = "MaynotModel", "WpfLibrary1\MaynotModel.csproj", "{12E193B7-6049-451E-A6F8-0A927B78AD71}"
EndProject
Global
	GlobalSection(SolutionConfigurationPlatforms) = preSolution
		Debug|Any CPU = Debug|Any CPU
		Release|Any CPU = Release|Any CPU
	EndGlobalSection
	GlobalSection(ProjectConfigurationPlatforms) = postSolution
		{8114FEB0-F661-4B7E-9404-CF18FCF78250}.Debug|Any CPU.ActiveCfg = Debug|Any CPU
		{8114FEB0-F661-4B7E-9404-CF18FCF78250}.Debug|Any CPU.Build.0 = Debug|Any CPU
		{8114FEB0-F661-4B7E-9404-CF18FCF78250}.Release|Any CPU.ActiveCfg = Release|Any CPU
		{8114FEB0-F661-4B7E-9404-CF18FCF78250}.Release|Any CPU.Build.0 = Release|Any CPU
		{BCE4C046-E021-4B13-9756-699F8E4C50CE}.Debug|Any CPU.ActiveCfg = Debug|Any CPU
		{BCE4C046-E021-4B13-9756-699F8E4C50CE}.Debug|Any CPU.Build.0 = Debug|Any CPU
		{BCE4C046-E021-4B13-9756-699F8E4C50CE}.Release|Any CPU.ActiveCfg = Release|Any CPU
		{BCE4C046-E021-4B13-9756-699F8E4C50CE}.Release|Any CPU.Build.0 = Release|Any CPU
		{12E193B7-6049-451E-A6F8-0A927B78AD71}.Debug|Any CPU.ActiveCfg = Debug|Any CPU
		{12E193B7-6049-451E-A6F8-0A927B78AD71}.Debug|Any CPU.Build.0 = Debug|Any CPU
		{12E193B7-6049-451E-A6F8-0A927B78AD71}.Release|Any CPU.ActiveCfg = Release|Any CPU
		{12E193B7-6049-451E-A6F8-0A927B78AD71}.Release|Any CPU.Build.0 = Release|Any CPU
	EndGlobalSection
	GlobalSection(SolutionProperties) = preSolution
		HideSolutionNode = FALSE
	EndGlobalSection
	GlobalSection(ExtensibilityGlobals) = postSolution
		SolutionGuid = {9A65BAB2-EDEA-4B3D-B152-B1269E0F3FA8}
	EndGlobalSection
EndGlobal
